
Microsoft Visual Studio Solution File, Format Version 12.00
# Visual Studio Version 17
VisualStudioVersion = 17.3.32929.385
MinimumVisualStudioVersion = 10.0.40219.1
Project("{FAE04EC0-301F-11D3-BF4B-00C04F79EFBC}") = "MiniProject(Music Box)", "MiniProject(Music Box)\MiniProject(Music Box).csproj", "{B014D7BA-0D00-423B-A50F-AE30995C72C3}"
EndProject
Global
	GlobalSection(SolutionConfigurationPlatforms) = preSolution
		Debug|Any CPU = Debug|Any CPU
		Release|Any CPU = Release|Any CPU
	EndGlobalSection
	GlobalSection(ProjectConfigurationPlatforms) = postSolution
		{B014D7BA-0D00-423B-A50F-AE30995C72C3}.Debug|Any CPU.ActiveCfg = Debug|Any CPU
		{B014D7BA-0D00-423B-A50F-AE30995C72C3}.Debug|Any CPU.Build.0 = Debug|Any CPU
		{B014D7BA-0D00-423B-A50F-AE30995C72C3}.Release|Any CPU.ActiveCfg = Release|Any CPU
		{B014D7BA-0D00-423B-A50F-AE30995C72C3}.Release|Any CPU.Build.0 = Release|Any CPU
	EndGlobalSection
	GlobalSection(SolutionProperties) = preSolution
		HideSolutionNode = FALSE
	EndGlobalSection
	GlobalSection(ExtensibilityGlobals) = postSolution
		SolutionGuid = {5AA9CD45-9B0D-4CF6-B402-8DC55AA5C7DE}
	EndGlobalSection
EndGlobal
